
Microsoft Visual Studio Solution File, Format Version 12.00
# Visual Studio Version 16
VisualStudioVersion = 16.0.31911.196
MinimumVisualStudioVersion = 10.0.40219.1
Project("{9A19103F-16F7-4668-BE54-9A1E7A4F7556}") = "WebCalısma", "Web Calısma\WebCalısma.csproj", "{97EB8B74-CC16-4DB9-B026-5EF92CA4F9C4}"
EndProject
Project("{9A19103F-16F7-4668-BE54-9A1E7A4F7556}") = "bootShop.Entities", "bootShop.Entities\bootShop.Entities.csproj", "{0A465C2E-5C03-40FE-B68F-10E869A403FC}"
EndProject
Project("{FAE04EC0-301F-11D3-BF4B-00C04F79EFBC}") = "bootShop.Business", "bootShop.Business\bootShop.Business.csproj", "{43DC7DBA-C1D7-4EA5-B0E6-E02D33230AC7}"
EndProject
Project("{FAE04EC0-301F-11D3-BF4B-00C04F79EFBC}") = "bootShop.DataAccess", "bootShop.DataAccess\bootShop.DataAccess.csproj", "{B86AE133-9010-49EB-A155-B926D966C783}"
EndProject
Global
	GlobalSection(SolutionConfigurationPlatforms) = preSolution
		Debug|Any CPU = Debug|Any CPU
		Release|Any CPU = Release|Any CPU
	EndGlobalSection
	GlobalSection(ProjectConfigurationPlatforms) = postSolution
		{97EB8B74-CC16-4DB9-B026-5EF92CA4F9C4}.Debug|Any CPU.ActiveCfg = Debug|Any CPU
		{97EB8B74-CC16-4DB9-B026-5EF92CA4F9C4}.Debug|Any CPU.Build.0 = Debug|Any CPU
		{97EB8B74-CC16-4DB9-B026-5EF92CA4F9C4}.Release|Any CPU.ActiveCfg = Release|Any CPU
		{97EB8B74-CC16-4DB9-B026-5EF92CA4F9C4}.Release|Any CPU.Build.0 = Release|Any CPU
		{0A465C2E-5C03-40FE-B68F-10E869A403FC}.Debug|Any CPU.ActiveCfg = Debug|Any CPU
		{0A465C2E-5C03-40FE-B68F-10E869A403FC}.Debug|Any CPU.Build.0 = Debug|Any CPU
		{0A465C2E-5C03-40FE-B68F-10E869A403FC}.Release|Any CPU.ActiveCfg = Release|Any CPU
		{0A465C2E-5C03-40FE-B68F-10E869A403FC}.Release|Any CPU.Build.0 = Release|Any CPU
		{43DC7DBA-C1D7-4EA5-B0E6-E02D33230AC7}.Debug|Any CPU.ActiveCfg = Debug|Any CPU
		{43DC7DBA-C1D7-4EA5-B0E6-E02D33230AC7}.Debug|Any CPU.Build.0 = Debug|Any CPU
		{43DC7DBA-C1D7-4EA5-B0E6-E02D33230AC7}.Release|Any CPU.ActiveCfg = Release|Any CPU
		{43DC7DBA-C1D7-4EA5-B0E6-E02D33230AC7}.Release|Any CPU.Build.0 = Release|Any CPU
		{B86AE133-9010-49EB-A155-B926D966C783}.Debug|Any CPU.ActiveCfg = Debug|Any CPU
		{B86AE133-9010-49EB-A155-B926D966C783}.Debug|Any CPU.Build.0 = Debug|Any CPU
		{B86AE133-9010-49EB-A155-B926D966C783}.Release|Any CPU.ActiveCfg = Release|Any CPU
		{B86AE133-9010-49EB-A155-B926D966C783}.Release|Any CPU.Build.0 = Release|Any CPU
	EndGlobalSection
	GlobalSection(SolutionProperties) = preSolution
		HideSolutionNode = FALSE
	EndGlobalSection
	GlobalSection(ExtensibilityGlobals) = postSolution
		SolutionGuid = {F6F1D28E-1EC2-461E-B97B-D1D957C8AE2C}
	EndGlobalSection
EndGlobal
